// !$*UTF8*$!
{
	archiveVersion = 1;
	classes = {
	};
	objectVersion = 50;
	objects = {

/* Begin PBXBuildFile section */
		50C0DFCF23C57CFE00BBE6A8 /* Main.storyboard in Resources */ = {isa = PBXBuildFile; fileRef = 50C0DFCD23C57CFE00BBE6A8 /* Main.storyboard */; };
		50C0DFD123C57D0000BBE6A8 /* Assets.xcassets in Resources */ = {isa = PBXBuildFile; fileRef = 50C0DFD023C57D0000BBE6A8 /* Assets.xcassets */; };
		50C0DFD423C57D0000BBE6A8 /* LaunchScreen.storyboard in Resources */ = {isa = PBXBuildFile; fileRef = 50C0DFD223C57D0000BBE6A8 /* LaunchScreen.storyboard */; };
		50C0DFDF23C57D0000BBE6A8 /* ZHU17Tests.swift in Sources */ = {isa = PBXBuildFile; fileRef = 50C0DFDE23C57D0000BBE6A8 /* ZHU17Tests.swift */; };
		50C0DFEA23C57D0000BBE6A8 /* ZHU17UITests.swift in Sources */ = {isa = PBXBuildFile; fileRef = 50C0DFE923C57D0000BBE6A8 /* ZHU17UITests.swift */; };
		50C0E00223C6CF3100BBE6A8 /* AppDelegate.swift in Sources */ = {isa = PBXBuildFile; fileRef = 50C0DFFA23C6CF3000BBE6A8 /* AppDelegate.swift */; };
		50C0E00723C6D44100BBE6A8 /* BaseViewController.swift in Sources */ = {isa = PBXBuildFile; fileRef = 50C0E00623C6D44100BBE6A8 /* BaseViewController.swift */; };
		50C0E00923C6D46700BBE6A8 /* HomeViewController.swift in Sources */ = {isa = PBXBuildFile; fileRef = 50C0E00823C6D46700BBE6A8 /* HomeViewController.swift */; };
		50C0E00E23C6D4A400BBE6A8 /* CateViewController.swift in Sources */ = {isa = PBXBuildFile; fileRef = 50C0E00D23C6D4A400BBE6A8 /* CateViewController.swift */; };
		50C0E01023C6D4B200BBE6A8 /* BookcaseViewController.swift in Sources */ = {isa = PBXBuildFile; fileRef = 50C0E00F23C6D4B200BBE6A8 /* BookcaseViewController.swift */; };
		50C0E01223C6D4C000BBE6A8 /* MineViewController.swift in Sources */ = {isa = PBXBuildFile; fileRef = 50C0E01123C6D4C000BBE6A8 /* MineViewController.swift */; };
		50C0E01623C6F88200BBE6A8 /* ZHTabBarViewController.swift in Sources */ = {isa = PBXBuildFile; fileRef = 50C0E01523C6F88200BBE6A8 /* ZHTabBarViewController.swift */; };
		50C0E06123C6F99C00BBE6A8 /* EdgeInsetsExtensions.swift in Sources */ = {isa = PBXBuildFile; fileRef = 50C0E01823C6F99B00BBE6A8 /* EdgeInsetsExtensions.swift */; };
		50C0E06223C6F99C00BBE6A8 /* ColorExtensions.swift in Sources */ = {isa = PBXBuildFile; fileRef = 50C0E01923C6F99B00BBE6A8 /* ColorExtensions.swift */; };
		50C0E06323C6F99C00BBE6A8 /* NSPredicateExtensions.swift in Sources */ = {isa = PBXBuildFile; fileRef = 50C0E01B23C6F99C00BBE6A8 /* NSPredicateExtensions.swift */; };
		50C0E06423C6F99C00BBE6A8 /* NSRegularExpressionExtensions.swift in Sources */ = {isa = PBXBuildFile; fileRef = 50C0E01C23C6F99C00BBE6A8 /* NSRegularExpressionExtensions.swift */; };
		50C0E06523C6F99C00BBE6A8 /* UserDefaultsExtensions.swift in Sources */ = {isa = PBXBuildFile; fileRef = 50C0E01D23C6F99C00BBE6A8 /* UserDefaultsExtensions.swift */; };
		50C0E06623C6F99C00BBE6A8 /* DataExtensions.swift in Sources */ = {isa = PBXBuildFile; fileRef = 50C0E01E23C6F99C00BBE6A8 /* DataExtensions.swift */; };
		50C0E06723C6F99C00BBE6A8 /* URLRequestExtensions.swift in Sources */ = {isa = PBXBuildFile; fileRef = 50C0E01F23C6F99C00BBE6A8 /* URLRequestExtensions.swift */; };
		50C0E06823C6F99C00BBE6A8 /* FileManagerExtensions.swift in Sources */ = {isa = PBXBuildFile; fileRef = 50C0E02023C6F99C00BBE6A8 /* FileManagerExtensions.swift */; };
		50C0E06923C6F99C00BBE6A8 /* URLExtensions.swift in Sources */ = {isa = PBXBuildFile; fileRef = 50C0E02123C6F99C00BBE6A8 /* URLExtensions.swift */; };
		50C0E06A23C6F99C00BBE6A8 /* LocaleExtensions.swift in Sources */ = {isa = PBXBuildFile; fileRef = 50C0E02223C6F99C00BBE6A8 /* LocaleExtensions.swift */; };
		50C0E06B23C6F99C00BBE6A8 /* DateExtensions.swift in Sources */ = {isa = PBXBuildFile; fileRef = 50C0E02323C6F99C00BBE6A8 /* DateExtensions.swift */; };
		50C0E06C23C6F99C00BBE6A8 /* NSAttributedStringExtensions.swift in Sources */ = {isa = PBXBuildFile; fileRef = 50C0E02423C6F99C00BBE6A8 /* NSAttributedStringExtensions.swift */; };
		50C0E06D23C6F99C00BBE6A8 /* CalendarExtensions.swift in Sources */ = {isa = PBXBuildFile; fileRef = 50C0E02523C6F99C00BBE6A8 /* CalendarExtensions.swift */; };
		50C0E06E23C6F99C00BBE6A8 /* UIBezierPathExtensions.swift in Sources */ = {isa = PBXBuildFile; fileRef = 50C0E02723C6F99C00BBE6A8 /* UIBezierPathExtensions.swift */; };
		50C0E06F23C6F99C00BBE6A8 /* UISearchBarExtensions.swift in Sources */ = {isa = PBXBuildFile; fileRef = 50C0E02823C6F99C00BBE6A8 /* UISearchBarExtensions.swift */; };
		50C0E07023C6F99C00BBE6A8 /* UITableViewExtensions.swift in Sources */ = {isa = PBXBuildFile; fileRef = 50C0E02923C6F99C00BBE6A8 /* UITableViewExtensions.swift */; };
		50C0E07123C6F99C00BBE6A8 /* UIScrollViewExtensions.swift in Sources */ = {isa = PBXBuildFile; fileRef = 50C0E02A23C6F99C00BBE6A8 /* UIScrollViewExtensions.swift */; };
		50C0E07223C6F99C00BBE6A8 /* UITextFieldExtensions.swift in Sources */ = {isa = PBXBuildFile; fileRef = 50C0E02B23C6F99C00BBE6A8 /* UITextFieldExtensions.swift */; };
		50C0E07323C6F99C00BBE6A8 /* UILayoutPriorityExtensions.swift in Sources */ = {isa = PBXBuildFile; fileRef = 50C0E02C23C6F99C00BBE6A8 /* UILayoutPriorityExtensions.swift */; };
		50C0E07423C6F99C00BBE6A8 /* UINavigationItemExtensions.swift in Sources */ = {isa = PBXBuildFile; fileRef = 50C0E02D23C6F99C00BBE6A8 /* UINavigationItemExtensions.swift */; };
		50C0E07523C6F99C00BBE6A8 /* UIStackViewExtensions.swift in Sources */ = {isa = PBXBuildFile; fileRef = 50C0E02E23C6F99C00BBE6A8 /* UIStackViewExtensions.swift */; };
		50C0E07623C6F99C00BBE6A8 /* UICollectionViewExtensions.swift in Sources */ = {isa = PBXBuildFile; fileRef = 50C0E02F23C6F99C00BBE6A8 /* UICollectionViewExtensions.swift */; };
		50C0E07723C6F99C00BBE6A8 /* UITextViewExtensions.swift in Sources */ = {isa = PBXBuildFile; fileRef = 50C0E03023C6F99C00BBE6A8 /* UITextViewExtensions.swift */; };
		50C0E07823C6F99C00BBE6A8 /* UIBarButtonItemExtensions.swift in Sources */ = {isa = PBXBuildFile; fileRef = 50C0E03123C6F99C00BBE6A8 /* UIBarButtonItemExtensions.swift */; };
		50C0E07923C6F99C00BBE6A8 /* UIStoryboardExtensions.swift in Sources */ = {isa = PBXBuildFile; fileRef = 50C0E03223C6F99C00BBE6A8 /* UIStoryboardExtensions.swift */; };
		50C0E07A23C6F99C00BBE6A8 /* UITabBarExtensions.swift in Sources */ = {isa = PBXBuildFile; fileRef = 50C0E03323C6F99C00BBE6A8 /* UITabBarExtensions.swift */; };
		50C0E07B23C6F99C00BBE6A8 /* UISegmentedControlExtensions.swift in Sources */ = {isa = PBXBuildFile; fileRef = 50C0E03423C6F99C00BBE6A8 /* UISegmentedControlExtensions.swift */; };
		50C0E07C23C6F99C00BBE6A8 /* UINavigationBarExtensions.swift in Sources */ = {isa = PBXBuildFile; fileRef = 50C0E03523C6F99C00BBE6A8 /* UINavigationBarExtensions.swift */; };
		50C0E07D23C6F99C00BBE6A8 /* UIActivityExtensions.swift in Sources */ = {isa = PBXBuildFile; fileRef = 50C0E03623C6F99C00BBE6A8 /* UIActivityExtensions.swift */; };
		50C0E07E23C6F99C00BBE6A8 /* UISliderExtensions.swift in Sources */ = {isa = PBXBuildFile; fileRef = 50C0E03723C6F99C00BBE6A8 /* UISliderExtensions.swift */; };
		50C0E07F23C6F99C00BBE6A8 /* UIViewControllerExtensions.swift in Sources */ = {isa = PBXBuildFile; fileRef = 50C0E03823C6F99C00BBE6A8 /* UIViewControllerExtensions.swift */; };
		50C0E08023C6F99C00BBE6A8 /* UIImageExtensions.swift in Sources */ = {isa = PBXBuildFile; fileRef = 50C0E03923C6F99C00BBE6A8 /* UIImageExtensions.swift */; };
		50C0E08123C6F99C00BBE6A8 /* UINavigationControllerExtensions.swift in Sources */ = {isa = PBXBuildFile; fileRef = 50C0E03A23C6F99C00BBE6A8 /* UINavigationControllerExtensions.swift */; };
		50C0E08223C6F99C00BBE6A8 /* UIViewExtensions.swift in Sources */ = {isa = PBXBuildFile; fileRef = 50C0E03B23C6F99C00BBE6A8 /* UIViewExtensions.swift */; };
		50C0E08323C6F99C00BBE6A8 /* UIGestureRecognizerExtensions.swift in Sources */ = {isa = PBXBuildFile; fileRef = 50C0E03C23C6F99C00BBE6A8 /* UIGestureRecognizerExtensions.swift */; };
		50C0E08423C6F99C00BBE6A8 /* UIWindowExtensions.swift in Sources */ = {isa = PBXBuildFile; fileRef = 50C0E03D23C6F99C00BBE6A8 /* UIWindowExtensions.swift */; };
		50C0E08523C6F99C00BBE6A8 /* UILabelExtensions.swift in Sources */ = {isa = PBXBuildFile; fileRef = 50C0E03E23C6F99C00BBE6A8 /* UILabelExtensions.swift */; };
		50C0E08623C6F99C00BBE6A8 /* UISwitchExtensions.swift in Sources */ = {isa = PBXBuildFile; fileRef = 50C0E03F23C6F99C00BBE6A8 /* UISwitchExtensions.swift */; };
		50C0E08723C6F99C00BBE6A8 /* UIButtonExtensions.swift in Sources */ = {isa = PBXBuildFile; fileRef = 50C0E04023C6F99C00BBE6A8 /* UIButtonExtensions.swift */; };
		50C0E08823C6F99C00BBE6A8 /* UIApplicationExtensions.swift in Sources */ = {isa = PBXBuildFile; fileRef = 50C0E04123C6F99C00BBE6A8 /* UIApplicationExtensions.swift */; };
		50C0E08923C6F99C00BBE6A8 /* UIImageViewExtensions.swift in Sources */ = {isa = PBXBuildFile; fileRef = 50C0E04223C6F99C00BBE6A8 /* UIImageViewExtensions.swift */; };
		50C0E08A23C6F99C00BBE6A8 /* UIRefreshControlExtensions.swift in Sources */ = {isa = PBXBuildFile; fileRef = 50C0E04323C6F99C00BBE6A8 /* UIRefreshControlExtensions.swift */; };
		50C0E08B23C6F99C00BBE6A8 /* UIAlertControllerExtensions.swift in Sources */ = {isa = PBXBuildFile; fileRef = 50C0E04423C6F99C00BBE6A8 /* UIAlertControllerExtensions.swift */; };
		50C0E08C23C6F99C00BBE6A8 /* UIFontExtensions.swift in Sources */ = {isa = PBXBuildFile; fileRef = 50C0E04523C6F99C00BBE6A8 /* UIFontExtensions.swift */; };
		50C0E08D23C6F99C00BBE6A8 /* UIDatePickerExtensions.swift in Sources */ = {isa = PBXBuildFile; fileRef = 50C0E04623C6F99C00BBE6A8 /* UIDatePickerExtensions.swift */; };
		50C0E08E23C6F99C00BBE6A8 /* UIColorExtensions.swift in Sources */ = {isa = PBXBuildFile; fileRef = 50C0E04723C6F99C00BBE6A8 /* UIColorExtensions.swift */; };
		50C0E08F23C6F99C00BBE6A8 /* SignedIntegerExtensions.swift in Sources */ = {isa = PBXBuildFile; fileRef = 50C0E04923C6F99C00BBE6A8 /* SignedIntegerExtensions.swift */; };
		50C0E09023C6F99C00BBE6A8 /* BidirectionalCollectionExtensions.swift in Sources */ = {isa = PBXBuildFile; fileRef = 50C0E04A23C6F99C00BBE6A8 /* BidirectionalCollectionExtensions.swift */; };
		50C0E09123C6F99C00BBE6A8 /* ComparableExtensions.swift in Sources */ = {isa = PBXBuildFile; fileRef = 50C0E04B23C6F99C00BBE6A8 /* ComparableExtensions.swift */; };
		50C0E09223C6F99C00BBE6A8 /* ArrayExtensions.swift in Sources */ = {isa = PBXBuildFile; fileRef = 50C0E04C23C6F99C00BBE6A8 /* ArrayExtensions.swift */; };
		50C0E09323C6F99C00BBE6A8 /* StringProtocolExtensions.swift in Sources */ = {isa = PBXBuildFile; fileRef = 50C0E04D23C6F99C00BBE6A8 /* StringProtocolExtensions.swift */; };
		50C0E09423C6F99C00BBE6A8 /* BinaryFloatingPointExtensions.swift in Sources */ = {isa = PBXBuildFile; fileRef = 50C0E04E23C6F99C00BBE6A8 /* BinaryFloatingPointExtensions.swift */; };
		50C0E09523C6F99C00BBE6A8 /* FloatExtensions.swift in Sources */ = {isa = PBXBuildFile; fileRef = 50C0E04F23C6F99C00BBE6A8 /* FloatExtensions.swift */; };
		50C0E09623C6F99C00BBE6A8 /* KeyedDecodingContainerExtensions.swift in Sources */ = {isa = PBXBuildFile; fileRef = 50C0E05023C6F99C00BBE6A8 /* KeyedDecodingContainerExtensions.swift */; };
		50C0E09723C6F99C00BBE6A8 /* SequenceExtensions.swift in Sources */ = {isa = PBXBuildFile; fileRef = 50C0E05123C6F99C00BBE6A8 /* SequenceExtensions.swift */; };
		50C0E09823C6F99C00BBE6A8 /* MutableCollectionExtensions.swift in Sources */ = {isa = PBXBuildFile; fileRef = 50C0E05223C6F99C00BBE6A8 /* MutableCollectionExtensions.swift */; };
		50C0E09923C6F99C00BBE6A8 /* SignedNumericExtensions.swift in Sources */ = {isa = PBXBuildFile; fileRef = 50C0E05323C6F99C00BBE6A8 /* SignedNumericExtensions.swift */; };
		50C0E09A23C6F99C00BBE6A8 /* DictionaryExtensions.swift in Sources */ = {isa = PBXBuildFile; fileRef = 50C0E05423C6F99C00BBE6A8 /* DictionaryExtensions.swift */; };
		50C0E09B23C6F99C00BBE6A8 /* StringExtensions.swift in Sources */ = {isa = PBXBuildFile; fileRef = 50C0E05523C6F99C00BBE6A8 /* StringExtensions.swift */; };
		50C0E09C23C6F99C00BBE6A8 /* BoolExtensions.swift in Sources */ = {isa = PBXBuildFile; fileRef = 50C0E05623C6F99C00BBE6A8 /* BoolExtensions.swift */; };
		50C0E09D23C6F99C00BBE6A8 /* DoubleExtensions.swift in Sources */ = {isa = PBXBuildFile; fileRef = 50C0E05723C6F99C00BBE6A8 /* DoubleExtensions.swift */; };
		50C0E09E23C6F99C00BBE6A8 /* RandomAccessCollectionExtensions.swift in Sources */ = {isa = PBXBuildFile; fileRef = 50C0E05823C6F99C00BBE6A8 /* RandomAccessCollectionExtensions.swift */; };
		50C0E09F23C6F99C00BBE6A8 /* CharacterExtensions.swift in Sources */ = {isa = PBXBuildFile; fileRef = 50C0E05923C6F99C00BBE6A8 /* CharacterExtensions.swift */; };
		50C0E0A023C6F99C00BBE6A8 /* FloatingPointExtensions.swift in Sources */ = {isa = PBXBuildFile; fileRef = 50C0E05A23C6F99C00BBE6A8 /* FloatingPointExtensions.swift */; };
		50C0E0A123C6F99C00BBE6A8 /* IntExtensions.swift in Sources */ = {isa = PBXBuildFile; fileRef = 50C0E05B23C6F99C00BBE6A8 /* IntExtensions.swift */; };
		50C0E0A223C6F99C00BBE6A8 /* RangeReplaceableCollectionExtensions.swift in Sources */ = {isa = PBXBuildFile; fileRef = 50C0E05C23C6F99C00BBE6A8 /* RangeReplaceableCollectionExtensions.swift */; };
		50C0E0A323C6F99C00BBE6A8 /* OptionalExtensions.swift in Sources */ = {isa = PBXBuildFile; fileRef = 50C0E05D23C6F99C00BBE6A8 /* OptionalExtensions.swift */; };
		50C0E0A423C6F99C00BBE6A8 /* CollectionExtensions.swift in Sources */ = {isa = PBXBuildFile; fileRef = 50C0E05E23C6F99C00BBE6A8 /* CollectionExtensions.swift */; };
		50C0E0A523C6F99C00BBE6A8 /* StdlibDeprecated.swift in Sources */ = {isa = PBXBuildFile; fileRef = 50C0E06023C6F99C00BBE6A8 /* StdlibDeprecated.swift */; };
		50C0E0AD23C7041300BBE6A8 /* SGPageTitleViewConfigure.swift in Sources */ = {isa = PBXBuildFile; fileRef = 50C0E0A823C7041300BBE6A8 /* SGPageTitleViewConfigure.swift */; };
		50C0E0AE23C7041300BBE6A8 /* SGPageTitleView.swift in Sources */ = {isa = PBXBuildFile; fileRef = 50C0E0A923C7041300BBE6A8 /* SGPageTitleView.swift */; };
		50C0E0AF23C7041300BBE6A8 /* SGPageContentCollectionView.swift in Sources */ = {isa = PBXBuildFile; fileRef = 50C0E0AA23C7041300BBE6A8 /* SGPageContentCollectionView.swift */; };
		50C0E0B023C7041300BBE6A8 /* SGPageViewPopGestureVC.swift in Sources */ = {isa = PBXBuildFile; fileRef = 50C0E0AB23C7041300BBE6A8 /* SGPageViewPopGestureVC.swift */; };
		50C0E0B123C7041300BBE6A8 /* SGPageContentScrollView.swift in Sources */ = {isa = PBXBuildFile; fileRef = 50C0E0AC23C7041300BBE6A8 /* SGPageContentScrollView.swift */; };
		50C0E0B323C7061100BBE6A8 /* BaseNavigationController.swift in Sources */ = {isa = PBXBuildFile; fileRef = 50C0E0B223C7061100BBE6A8 /* BaseNavigationController.swift */; };
		50C0E0B523C70E0A00BBE6A8 /* ZHUtil.swift in Sources */ = {isa = PBXBuildFile; fileRef = 50C0E0B423C70E0A00BBE6A8 /* ZHUtil.swift */; };
		BE6C111F89A4631BC1859530 /* Pods_ZHU17.framework in Frameworks */ = {isa = PBXBuildFile; fileRef = 8CD1E18F2AADDF5F243DFED6 /* Pods_ZHU17.framework */; };
/* End PBXBuildFile section */

/* Begin PBXContainerItemProxy section */
		50C0DFDB23C57D0000BBE6A8 /* PBXContainerItemProxy */ = {
			isa = PBXContainerItemProxy;
			containerPortal = 50C0DFBE23C57CFE00BBE6A8 /* Project object */;
			proxyType = 1;
			remoteGlobalIDString = 50C0DFC523C57CFE00BBE6A8;
			remoteInfo = ZHU17;
		};
		50C0DFE623C57D0000BBE6A8 /* PBXContainerItemProxy */ = {
			isa = PBXContainerItemProxy;
			containerPortal = 50C0DFBE23C57CFE00BBE6A8 /* Project object */;
			proxyType = 1;
			remoteGlobalIDString = 50C0DFC523C57CFE00BBE6A8;
			remoteInfo = ZHU17;
		};
/* End PBXContainerItemProxy section */

/* Begin PBXFileReference section */
		50C0DFC623C57CFE00BBE6A8 /* ZHU17.app */ = {isa = PBXFileReference; explicitFileType = wrapper.application; includeInIndex = 0; path = ZHU17.app; sourceTree = BUILT_PRODUCTS_DIR; };
		50C0DFCE23C57CFE00BBE6A8 /* Base */ = {isa = PBXFileReference; lastKnownFileType = file.storyboard; name = Base; path = Base.lproj/Main.storyboard; sourceTree = "<group>"; };
		50C0DFD023C57D0000BBE6A8 /* Assets.xcassets */ = {isa = PBXFileReference; lastKnownFileType = folder.assetcatalog; path = Assets.xcassets; sourceTree = "<group>"; };
		50C0DFD323C57D0000BBE6A8 /* Base */ = {isa = PBXFileReference; lastKnownFileType = file.storyboard; name = Base; path = Base.lproj/LaunchScreen.storyboard; sourceTree = "<group>"; };
		50C0DFD523C57D0000BBE6A8 /* Info.plist */ = {isa = PBXFileReference; lastKnownFileType = text.plist.xml; path = Info.plist; sourceTree = "<group>"; };
		50C0DFDA23C57D0000BBE6A8 /* ZHU17Tests.xctest */ = {isa = PBXFileReference; explicitFileType = wrapper.cfbundle; includeInIndex = 0; path = ZHU17Tests.xctest; sourceTree = BUILT_PRODUCTS_DIR; };
		50C0DFDE23C57D0000BBE6A8 /* ZHU17Tests.swift */ = {isa = PBXFileReference; lastKnownFileType = sourcecode.swift; path = ZHU17Tests.swift; sourceTree = "<group>"; };
		50C0DFE023C57D0000BBE6A8 /* Info.plist */ = {isa = PBXFileReference; lastKnownFileType = text.plist.xml; path = Info.plist; sourceTree = "<group>"; };
		50C0DFE523C57D0000BBE6A8 /* ZHU17UITests.xctest */ = {isa = PBXFileReference; explicitFileType = wrapper.cfbundle; includeInIndex = 0; path = ZHU17UITests.xctest; sourceTree = BUILT_PRODUCTS_DIR; };
		50C0DFE923C57D0000BBE6A8 /* ZHU17UITests.swift */ = {isa = PBXFileReference; lastKnownFileType = sourcecode.swift; path = ZHU17UITests.swift; sourceTree = "<group>"; };
		50C0DFEB23C57D0000BBE6A8 /* Info.plist */ = {isa = PBXFileReference; lastKnownFileType = text.plist.xml; path = Info.plist; sourceTree = "<group>"; };
		50C0DFFA23C6CF3000BBE6A8 /* AppDelegate.swift */ = {isa = PBXFileReference; fileEncoding = 4; lastKnownFileType = sourcecode.swift; path = AppDelegate.swift; sourceTree = "<group>"; };
		50C0E00623C6D44100BBE6A8 /* BaseViewController.swift */ = {isa = PBXFileReference; lastKnownFileType = sourcecode.swift; path = BaseViewController.swift; sourceTree = "<group>"; };
		50C0E00823C6D46700BBE6A8 /* HomeViewController.swift */ = {isa = PBXFileReference; lastKnownFileType = sourcecode.swift; path = HomeViewController.swift; sourceTree = "<group>"; };
		50C0E00D23C6D4A400BBE6A8 /* CateViewController.swift */ = {isa = PBXFileReference; lastKnownFileType = sourcecode.swift; path = CateViewController.swift; sourceTree = "<group>"; };
		50C0E00F23C6D4B200BBE6A8 /* BookcaseViewController.swift */ = {isa = PBXFileReference; lastKnownFileType = sourcecode.swift; path = BookcaseViewController.swift; sourceTree = "<group>"; };
		50C0E01123C6D4C000BBE6A8 /* MineViewController.swift */ = {isa = PBXFileReference; lastKnownFileType = sourcecode.swift; path = MineViewController.swift; sourceTree = "<group>"; };
		50C0E01523C6F88200BBE6A8 /* ZHTabBarViewController.swift */ = {isa = PBXFileReference; lastKnownFileType = sourcecode.swift; path = ZHTabBarViewController.swift; sourceTree = "<group>"; };
		50C0E01823C6F99B00BBE6A8 /* EdgeInsetsExtensions.swift */ = {isa = PBXFileReference; fileEncoding = 4; lastKnownFileType = sourcecode.swift; path = EdgeInsetsExtensions.swift; sourceTree = "<group>"; };
		50C0E01923C6F99B00BBE6A8 /* ColorExtensions.swift */ = {isa = PBXFileReference; fileEncoding = 4; lastKnownFileType = sourcecode.swift; path = ColorExtensions.swift; sourceTree = "<group>"; };
		50C0E01B23C6F99C00BBE6A8 /* NSPredicateExtensions.swift */ = {isa = PBXFileReference; fileEncoding = 4; lastKnownFileType = sourcecode.swift; path = NSPredicateExtensions.swift; sourceTree = "<group>"; };
		50C0E01C23C6F99C00BBE6A8 /* NSRegularExpressionExtensions.swift */ = {isa = PBXFileReference; fileEncoding = 4; lastKnownFileType = sourcecode.swift; path = NSRegularExpressionExtensions.swift; sourceTree = "<group>"; };
		50C0E01D23C6F99C00BBE6A8 /* UserDefaultsExtensions.swift */ = {isa = PBXFileReference; fileEncoding = 4; lastKnownFileType = sourcecode.swift; path = UserDefaultsExtensions.swift; sourceTree = "<group>"; };
		50C0E01E23C6F99C00BBE6A8 /* DataExtensions.swift */ = {isa = PBXFileReference; fileEncoding = 4; lastKnownFileType = sourcecode.swift; path = DataExtensions.swift; sourceTree = "<group>"; };
		50C0E01F23C6F99C00BBE6A8 /* URLRequestExtensions.swift */ = {isa = PBXFileReference; fileEncoding = 4; lastKnownFileType = sourcecode.swift; path = URLRequestExtensions.swift; sourceTree = "<group>"; };
		50C0E02023C6F99C00BBE6A8 /* FileManagerExtensions.swift */ = {isa = PBXFileReference; fileEncoding = 4; lastKnownFileType = sourcecode.swift; path = FileManagerExtensions.swift; sourceTree = "<group>"; };
		50C0E02123C6F99C00BBE6A8 /* URLExtensions.swift */ = {isa = PBXFileReference; fileEncoding = 4; lastKnownFileType = sourcecode.swift; path = URLExtensions.swift; sourceTree = "<group>"; };
		50C0E02223C6F99C00BBE6A8 /* LocaleExtensions.swift */ = {isa = PBXFileReference; fileEncoding = 4; lastKnownFileType = sourcecode.swift; path = LocaleExtensions.swift; sourceTree = "<group>"; };
		50C0E02323C6F99C00BBE6A8 /* DateExtensions.swift */ = {isa = PBXFileReference; fileEncoding = 4; lastKnownFileType = sourcecode.swift; path = DateExtensions.swift; sourceTree = "<group>"; };
		50C0E02423C6F99C00BBE6A8 /* NSAttributedStringExtensions.swift */ = {isa = PBXFileReference; fileEncoding = 4; lastKnownFileType = sourcecode.swift; path = NSAttributedStringExtensions.swift; sourceTree = "<group>"; };
		50C0E02523C6F99C00BBE6A8 /* CalendarExtensions.swift */ = {isa = PBXFileReference; fileEncoding = 4; lastKnownFileType = sourcecode.swift; path = CalendarExtensions.swift; sourceTree = "<group>"; };
		50C0E02723C6F99C00BBE6A8 /* UIBezierPathExtensions.swift */ = {isa = PBXFileReference; fileEncoding = 4; lastKnownFileType = sourcecode.swift; path = UIBezierPathExtensions.swift; sourceTree = "<group>"; };
		50C0E02823C6F99C00BBE6A8 /* UISearchBarExtensions.swift */ = {isa = PBXFileReference; fileEncoding = 4; lastKnownFileType = sourcecode.swift; path = UISearchBarExtensions.swift; sourceTree = "<group>"; };
		50C0E02923C6F99C00BBE6A8 /* UITableViewExtensions.swift */ = {isa = PBXFileReference; fileEncoding = 4; lastKnownFileType = sourcecode.swift; path = UITableViewExtensions.swift; sourceTree = "<group>"; };
		50C0E02A23C6F99C00BBE6A8 /* UIScrollViewExtensions.swift */ = {isa = PBXFileReference; fileEncoding = 4; lastKnownFileType = sourcecode.swift; path = UIScrollViewExtensions.swift; sourceTree = "<group>"; };
		50C0E02B23C6F99C00BBE6A8 /* UITextFieldExtensions.swift */ = {isa = PBXFileReference; fileEncoding = 4; lastKnownFileType = sourcecode.swift; path = UITextFieldExtensions.swift; sourceTree = "<group>"; };
		50C0E02C23C6F99C00BBE6A8 /* UILayoutPriorityExtensions.swift */ = {isa = PBXFileReference; fileEncoding = 4; lastKnownFileType = sourcecode.swift; path = UILayoutPriorityExtensions.swift; sourceTree = "<group>"; };
		50C0E02D23C6F99C00BBE6A8 /* UINavigationItemExtensions.swift */ = {isa = PBXFileReference; fileEncoding = 4; lastKnownFileType = sourcecode.swift; path = UINavigationItemExtensions.swift; sourceTree = "<group>"; };
		50C0E02E23C6F99C00BBE6A8 /* UIStackViewExtensions.swift */ = {isa = PBXFileReference; fileEncoding = 4; lastKnownFileType = sourcecode.swift; path = UIStackViewExtensions.swift; sourceTree = "<group>"; };
		50C0E02F23C6F99C00BBE6A8 /* UICollectionViewExtensions.swift */ = {isa = PBXFileReference; fileEncoding = 4; lastKnownFileType = sourcecode.swift; path = UICollectionViewExtensions.swift; sourceTree = "<group>"; };
		50C0E03023C6F99C00BBE6A8 /* UITextViewExtensions.swift */ = {isa = PBXFileReference; fileEncoding = 4; lastKnownFileType = sourcecode.swift; path = UITextViewExtensions.swift; sourceTree = "<group>"; };
		50C0E03123C6F99C00BBE6A8 /* UIBarButtonItemExtensions.swift */ = {isa = PBXFileReference; fileEncoding = 4; lastKnownFileType = sourcecode.swift; path = UIBarButtonItemExtensions.swift; sourceTree = "<group>"; };
		50C0E03223C6F99C00BBE6A8 /* UIStoryboardExtensions.swift */ = {isa = PBXFileReference; fileEncoding = 4; lastKnownFileType = sourcecode.swift; path = UIStoryboardExtensions.swift; sourceTree = "<group>"; };
		50C0E03323C6F99C00BBE6A8 /* UITabBarExtensions.swift */ = {isa = PBXFileReference; fileEncoding = 4; lastKnownFileType = sourcecode.swift; path = UITabBarExtensions.swift; sourceTree = "<group>"; };
		50C0E03423C6F99C00BBE6A8 /* UISegmentedControlExtensions.swift */ = {isa = PBXFileReference; fileEncoding = 4; lastKnownFileType = sourcecode.swift; path = UISegmentedControlExtensions.swift; sourceTree = "<group>"; };
		50C0E03523C6F99C00BBE6A8 /* UINavigationBarExtensions.swift */ = {isa = PBXFileReference; fileEncoding = 4; lastKnownFileType = sourcecode.swift; path = UINavigationBarExtensions.swift; sourceTree = "<group>"; };
		50C0E03623C6F99C00BBE6A8 /* UIActivityExtensions.swift */ = {isa = PBXFileReference; fileEncoding = 4; lastKnownFileType = sourcecode.swift; path = UIActivityExtensions.swift; sourceTree = "<group>"; };
		50C0E03723C6F99C00BBE6A8 /* UISliderExtensions.swift */ = {isa = PBXFileReference; fileEncoding = 4; lastKnownFileType = sourcecode.swift; path = UISliderExtensions.swift; sourceTree = "<group>"; };
		50C0E03823C6F99C00BBE6A8 /* UIViewControllerExtensions.swift */ = {isa = PBXFileReference; fileEncoding = 4; lastKnownFileType = sourcecode.swift; path = UIViewControllerExtensions.swift; sourceTree = "<group>"; };
		50C0E03923C6F99C00BBE6A8 /* UIImageExtensions.swift */ = {isa = PBXFileReference; fileEncoding = 4; lastKnownFileType = sourcecode.swift; path = UIImageExtensions.swift; sourceTree = "<group>"; };
		50C0E03A23C6F99C00BBE6A8 /* UINavigationControllerExtensions.swift */ = {isa = PBXFileReference; fileEncoding = 4; lastKnownFileType = sourcecode.swift; path = UINavigationControllerExtensions.swift; sourceTree = "<group>"; };
		50C0E03B23C6F99C00BBE6A8 /* UIViewExtensions.swift */ = {isa = PBXFileReference; fileEncoding = 4; lastKnownFileType = sourcecode.swift; path = UIViewExtensions.swift; sourceTree = "<group>"; };
		50C0E03C23C6F99C00BBE6A8 /* UIGestureRecognizerExtensions.swift */ = {isa = PBXFileReference; fileEncoding = 4; lastKnownFileType = sourcecode.swift; path = UIGestureRecognizerExtensions.swift; sourceTree = "<group>"; };
		50C0E03D23C6F99C00BBE6A8 /* UIWindowExtensions.swift */ = {isa = PBXFileReference; fileEncoding = 4; lastKnownFileType = sourcecode.swift; path = UIWindowExtensions.swift; sourceTree = "<group>"; };
		50C0E03E23C6F99C00BBE6A8 /* UILabelExtensions.swift */ = {isa = PBXFileReference; fileEncoding = 4; lastKnownFileType = sourcecode.swift; path = UILabelExtensions.swift; sourceTree = "<group>"; };
		50C0E03F23C6F99C00BBE6A8 /* UISwitchExtensions.swift */ = {isa = PBXFileReference; fileEncoding = 4; lastKnownFileType = sourcecode.swift; path = UISwitchExtensions.swift; sourceTree = "<group>"; };
		50C0E04023C6F99C00BBE6A8 /* UIButtonExtensions.swift */ = {isa = PBXFileReference; fileEncoding = 4; lastKnownFileType = sourcecode.swift; path = UIButtonExtensions.swift; sourceTree = "<group>"; };
		50C0E04123C6F99C00BBE6A8 /* UIApplicationExtensions.swift */ = {isa = PBXFileReference; fileEncoding = 4; lastKnownFileType = sourcecode.swift; path = UIApplicationExtensions.swift; sourceTree = "<group>"; };
		50C0E04223C6F99C00BBE6A8 /* UIImageViewExtensions.swift */ = {isa = PBXFileReference; fileEncoding = 4; lastKnownFileType = sourcecode.swift; path = UIImageViewExtensions.swift; sourceTree = "<group>"; };
		50C0E04323C6F99C00BBE6A8 /* UIRefreshControlExtensions.swift */ = {isa = PBXFileReference; fileEncoding = 4; lastKnownFileType = sourcecode.swift; path = UIRefreshControlExtensions.swift; sourceTree = "<group>"; };
		50C0E04423C6F99C00BBE6A8 /* UIAlertControllerExtensions.swift */ = {isa = PBXFileReference; fileEncoding = 4; lastKnownFileType = sourcecode.swift; path = UIAlertControllerExtensions.swift; sourceTree = "<group>"; };
		50C0E04523C6F99C00BBE6A8 /* UIFontExtensions.swift */ = {isa = PBXFileReference; fileEncoding = 4; lastKnownFileType = sourcecode.swift; path = UIFontExtensions.swift; sourceTree = "<group>"; };
		50C0E04623C6F99C00BBE6A8 /* UIDatePickerExtensions.swift */ = {isa = PBXFileReference; fileEncoding = 4; lastKnownFileType = sourcecode.swift; path = UIDatePickerExtensions.swift; sourceTree = "<group>"; };
		50C0E04723C6F99C00BBE6A8 /* UIColorExtensions.swift */ = {isa = PBXFileReference; fileEncoding = 4; lastKnownFileType = sourcecode.swift; path = UIColorExtensions.swift; sourceTree = "<group>"; };
		50C0E04923C6F99C00BBE6A8 /* SignedIntegerExtensions.swift */ = {isa = PBXFileReference; fileEncoding = 4; lastKnownFileType = sourcecode.swift; path = SignedIntegerExtensions.swift; sourceTree = "<group>"; };
		50C0E04A23C6F99C00BBE6A8 /* BidirectionalCollectionExtensions.swift */ = {isa = PBXFileReference; fileEncoding = 4; lastKnownFileType = sourcecode.swift; path = BidirectionalCollectionExtensions.swift; sourceTree = "<group>"; };
		50C0E04B23C6F99C00BBE6A8 /* ComparableExtensions.swift */ = {isa = PBXFileReference; fileEncoding = 4; lastKnownFileType = sourcecode.swift; path = ComparableExtensions.swift; sourceTree = "<group>"; };
		50C0E04C23C6F99C00BBE6A8 /* ArrayExtensions.swift */ = {isa = PBXFileReference; fileEncoding = 4; lastKnownFileType = sourcecode.swift; path = ArrayExtensions.swift; sourceTree = "<group>"; };
		50C0E04D23C6F99C00BBE6A8 /* StringProtocolExtensions.swift */ = {isa = PBXFileReference; fileEncoding = 4; lastKnownFileType = sourcecode.swift; path = StringProtocolExtensions.swift; sourceTree = "<group>"; };
		50C0E04E23C6F99C00BBE6A8 /* BinaryFloatingPointExtensions.swift */ = {isa = PBXFileReference; fileEncoding = 4; lastKnownFileType = sourcecode.swift; path = BinaryFloatingPointExtensions.swift; sourceTree = "<group>"; };
		50C0E04F23C6F99C00BBE6A8 /* FloatExtensions.swift */ = {isa = PBXFileReference; fileEncoding = 4; lastKnownFileType = sourcecode.swift; path = FloatExtensions.swift; sourceTree = "<group>"; };
		50C0E05023C6F99C00BBE6A8 /* KeyedDecodingContainerExtensions.swift */ = {isa = PBXFileReference; fileEncoding = 4; lastKnownFileType = sourcecode.swift; path = KeyedDecodingContainerExtensions.swift; sourceTree = "<group>"; };
		50C0E05123C6F99C00BBE6A8 /* SequenceExtensions.swift */ = {isa = PBXFileReference; fileEncoding = 4; lastKnownFileType = sourcecode.swift; path = SequenceExtensions.swift; sourceTree = "<group>"; };
		50C0E05223C6F99C00BBE6A8 /* MutableCollectionExtensions.swift */ = {isa = PBXFileReference; fileEncoding = 4; lastKnownFileType = sourcecode.swift; path = MutableCollectionExtensions.swift; sourceTree = "<group>"; };
		50C0E05323C6F99C00BBE6A8 /* SignedNumericExtensions.swift */ = {isa = PBXFileReference; fileEncoding = 4; lastKnownFileType = sourcecode.swift; path = SignedNumericExtensions.swift; sourceTree = "<group>"; };
		50C0E05423C6F99C00BBE6A8 /* DictionaryExtensions.swift */ = {isa = PBXFileReference; fileEncoding = 4; lastKnownFileType = sourcecode.swift; path = DictionaryExtensions.swift; sourceTree = "<group>"; };
		50C0E05523C6F99C00BBE6A8 /* StringExtensions.swift */ = {isa = PBXFileReference; fileEncoding = 4; lastKnownFileType = sourcecode.swift; path = StringExtensions.swift; sourceTree = "<group>"; };
		50C0E05623C6F99C00BBE6A8 /* BoolExtensions.swift */ = {isa = PBXFileReference; fileEncoding = 4; lastKnownFileType = sourcecode.swift; path = BoolExtensions.swift; sourceTree = "<group>"; };
		50C0E05723C6F99C00BBE6A8 /* DoubleExtensions.swift */ = {isa = PBXFileReference; fileEncoding = 4; lastKnownFileType = sourcecode.swift; path = DoubleExtensions.swift; sourceTree = "<group>"; };
		50C0E05823C6F99C00BBE6A8 /* RandomAccessCollectionExtensions.swift */ = {isa = PBXFileReference; fileEncoding = 4; lastKnownFileType = sourcecode.swift; path = RandomAccessCollectionExtensions.swift; sourceTree = "<group>"; };
		50C0E05923C6F99C00BBE6A8 /* CharacterExtensions.swift */ = {isa = PBXFileReference; fileEncoding = 4; lastKnownFileType = sourcecode.swift; path = CharacterExtensions.swift; sourceTree = "<group>"; };
		50C0E05A23C6F99C00BBE6A8 /* FloatingPointExtensions.swift */ = {isa = PBXFileReference; fileEncoding = 4; lastKnownFileType = sourcecode.swift; path = FloatingPointExtensions.swift; sourceTree = "<group>"; };
		50C0E05B23C6F99C00BBE6A8 /* IntExtensions.swift */ = {isa = PBXFileReference; fileEncoding = 4; lastKnownFileType = sourcecode.swift; path = IntExtensions.swift; sourceTree = "<group>"; };
		50C0E05C23C6F99C00BBE6A8 /* RangeReplaceableCollectionExtensions.swift */ = {isa = PBXFileReference; fileEncoding = 4; lastKnownFileType = sourcecode.swift; path = RangeReplaceableCollectionExtensions.swift; sourceTree = "<group>"; };
		50C0E05D23C6F99C00BBE6A8 /* OptionalExtensions.swift */ = {isa = PBXFileReference; fileEncoding = 4; lastKnownFileType = sourcecode.swift; path = OptionalExtensions.swift; sourceTree = "<group>"; };
		50C0E05E23C6F99C00BBE6A8 /* CollectionExtensions.swift */ = {isa = PBXFileReference; fileEncoding = 4; lastKnownFileType = sourcecode.swift; path = CollectionExtensions.swift; sourceTree = "<group>"; };
		50C0E06023C6F99C00BBE6A8 /* StdlibDeprecated.swift */ = {isa = PBXFileReference; fileEncoding = 4; lastKnownFileType = sourcecode.swift; path = StdlibDeprecated.swift; sourceTree = "<group>"; };
		50C0E0A823C7041300BBE6A8 /* SGPageTitleViewConfigure.swift */ = {isa = PBXFileReference; fileEncoding = 4; lastKnownFileType = sourcecode.swift; path = SGPageTitleViewConfigure.swift; sourceTree = "<group>"; };
		50C0E0A923C7041300BBE6A8 /* SGPageTitleView.swift */ = {isa = PBXFileReference; fileEncoding = 4; lastKnownFileType = sourcecode.swift; path = SGPageTitleView.swift; sourceTree = "<group>"; };
		50C0E0AA23C7041300BBE6A8 /* SGPageContentCollectionView.swift */ = {isa = PBXFileReference; fileEncoding = 4; lastKnownFileType = sourcecode.swift; path = SGPageContentCollectionView.swift; sourceTree = "<group>"; };
		50C0E0AB23C7041300BBE6A8 /* SGPageViewPopGestureVC.swift */ = {isa = PBXFileReference; fileEncoding = 4; lastKnownFileType = sourcecode.swift; path = SGPageViewPopGestureVC.swift; sourceTree = "<group>"; };
		50C0E0AC23C7041300BBE6A8 /* SGPageContentScrollView.swift */ = {isa = PBXFileReference; fileEncoding = 4; lastKnownFileType = sourcecode.swift; path = SGPageContentScrollView.swift; sourceTree = "<group>"; };
		50C0E0B223C7061100BBE6A8 /* BaseNavigationController.swift */ = {isa = PBXFileReference; lastKnownFileType = sourcecode.swift; path = BaseNavigationController.swift; sourceTree = "<group>"; };
		50C0E0B423C70E0A00BBE6A8 /* ZHUtil.swift */ = {isa = PBXFileReference; lastKnownFileType = sourcecode.swift; path = ZHUtil.swift; sourceTree = "<group>"; };
		58B91871D5278938375C4637 /* Pods-ZHU17.debug.xcconfig */ = {isa = PBXFileReference; includeInIndex = 1; lastKnownFileType = text.xcconfig; name = "Pods-ZHU17.debug.xcconfig"; path = "Pods/Target Support Files/Pods-ZHU17/Pods-ZHU17.debug.xcconfig"; sourceTree = "<group>"; };
		700EB380A416F77967405532 /* Pods-ZHU17.release.xcconfig */ = {isa = PBXFileReference; includeInIndex = 1; lastKnownFileType = text.xcconfig; name = "Pods-ZHU17.release.xcconfig"; path = "Pods/Target Support Files/Pods-ZHU17/Pods-ZHU17.release.xcconfig"; sourceTree = "<group>"; };
		8CD1E18F2AADDF5F243DFED6 /* Pods_ZHU17.framework */ = {isa = PBXFileReference; explicitFileType = wrapper.framework; includeInIndex = 0; path = Pods_ZHU17.framework; sourceTree = BUILT_PRODUCTS_DIR; };
/* End PBXFileReference section */

/* Begin PBXFrameworksBuildPhase section */
		50C0DFC323C57CFE00BBE6A8 /* Frameworks */ = {
			isa = PBXFrameworksBuildPhase;
			buildActionMask = 2147483647;
			files = (
				BE6C111F89A4631BC1859530 /* Pods_ZHU17.framework in Frameworks */,
			);
			runOnlyForDeploymentPostprocessing = 0;
		};
		50C0DFD723C57D0000BBE6A8 /* Frameworks */ = {
			isa = PBXFrameworksBuildPhase;
			buildActionMask = 2147483647;
			files = (
			);
			runOnlyForDeploymentPostprocessing = 0;
		};
		50C0DFE223C57D0000BBE6A8 /* Frameworks */ = {
			isa = PBXFrameworksBuildPhase;
			buildActionMask = 2147483647;
			files = (
			);
			runOnlyForDeploymentPostprocessing = 0;
		};
/* End PBXFrameworksBuildPhase section */

/* Begin PBXGroup section */
		3612A4EAA686383F5E2E98E2 /* Frameworks */ = {
			isa = PBXGroup;
			children = (
				8CD1E18F2AADDF5F243DFED6 /* Pods_ZHU17.framework */,
			);
			name = Frameworks;
			sourceTree = "<group>";
		};
		50C0DFBD23C57CFE00BBE6A8 = {
			isa = PBXGroup;
			children = (
				50C0DFC823C57CFE00BBE6A8 /* ZHU17 */,
				50C0DFDD23C57D0000BBE6A8 /* ZHU17Tests */,
				50C0DFE823C57D0000BBE6A8 /* ZHU17UITests */,
				50C0DFC723C57CFE00BBE6A8 /* Products */,
				BA90817FFED19A136382DFA5 /* Pods */,
				3612A4EAA686383F5E2E98E2 /* Frameworks */,
			);
			sourceTree = "<group>";
		};
		50C0DFC723C57CFE00BBE6A8 /* Products */ = {
			isa = PBXGroup;
			children = (
				50C0DFC623C57CFE00BBE6A8 /* ZHU17.app */,
				50C0DFDA23C57D0000BBE6A8 /* ZHU17Tests.xctest */,
				50C0DFE523C57D0000BBE6A8 /* ZHU17UITests.xctest */,
			);
			name = Products;
			sourceTree = "<group>";
		};
		50C0DFC823C57CFE00BBE6A8 /* ZHU17 */ = {
			isa = PBXGroup;
			children = (
				50C0DFF923C6CF3000BBE6A8 /* AppDelegate */,
				50C0E01423C6F83C00BBE6A8 /* TabBar */,
				50C0DFFC23C6CF3000BBE6A8 /* Macro */,
				50C0E00123C6CF3100BBE6A8 /* Base */,
				50C0E00423C6D3FB00BBE6A8 /* Home */,
				50C0DFF723C6CF3000BBE6A8 /* Cate */,
				50C0E00023C6CF3100BBE6A8 /* Bookcase */,
				50C0DFF823C6CF3000BBE6A8 /* Mine */,
				50C0DFFD23C6CF3000BBE6A8 /* Model */,
				50C0E0A623C7041200BBE6A8 /* Library */,
				50C0DFFB23C6CF3000BBE6A8 /* Extension */,
				50C0DFFE23C6CF3000BBE6A8 /* Util */,
				50C0DFCD23C57CFE00BBE6A8 /* Main.storyboard */,
				50C0DFD023C57D0000BBE6A8 /* Assets.xcassets */,
				50C0DFD223C57D0000BBE6A8 /* LaunchScreen.storyboard */,
				50C0DFD523C57D0000BBE6A8 /* Info.plist */,
			);
			path = ZHU17;
			sourceTree = "<group>";
		};
		50C0DFDD23C57D0000BBE6A8 /* ZHU17Tests */ = {
			isa = PBXGroup;
			children = (
				50C0DFDE23C57D0000BBE6A8 /* ZHU17Tests.swift */,
				50C0DFE023C57D0000BBE6A8 /* Info.plist */,
			);
			path = ZHU17Tests;
			sourceTree = "<group>";
		};
		50C0DFE823C57D0000BBE6A8 /* ZHU17UITests */ = {
			isa = PBXGroup;
			children = (
				50C0DFE923C57D0000BBE6A8 /* ZHU17UITests.swift */,
				50C0DFEB23C57D0000BBE6A8 /* Info.plist */,
			);
			path = ZHU17UITests;
			sourceTree = "<group>";
		};
		50C0DFF723C6CF3000BBE6A8 /* Cate */ = {
			isa = PBXGroup;
			children = (
				50C0E00A23C6D48000BBE6A8 /* Controller */,
			);
			path = Cate;
			sourceTree = "<group>";
		};
		50C0DFF823C6CF3000BBE6A8 /* Mine */ = {
			isa = PBXGroup;
			children = (
				50C0E00C23C6D49300BBE6A8 /* Controller */,
			);
			path = Mine;
			sourceTree = "<group>";
		};
		50C0DFF923C6CF3000BBE6A8 /* AppDelegate */ = {
			isa = PBXGroup;
			children = (
				50C0DFFA23C6CF3000BBE6A8 /* AppDelegate.swift */,
			);
			path = AppDelegate;
			sourceTree = "<group>";
		};
		50C0DFFB23C6CF3000BBE6A8 /* Extension */ = {
			isa = PBXGroup;
			children = (
				50C0E01A23C6F99C00BBE6A8 /* Foundation */,
				50C0E01723C6F99B00BBE6A8 /* Shared */,
				50C0E04823C6F99C00BBE6A8 /* SwiftStdlib */,
				50C0E02623C6F99C00BBE6A8 /* UIKit */,
			);
			path = Extension;
			sourceTree = "<group>";
		};
		50C0DFFC23C6CF3000BBE6A8 /* Macro */ = {
			isa = PBXGroup;
			children = (
			);
			path = Macro;
			sourceTree = "<group>";
		};
		50C0DFFD23C6CF3000BBE6A8 /* Model */ = {
			isa = PBXGroup;
			children = (
			);
			path = Model;
			sourceTree = "<group>";
		};
		50C0DFFE23C6CF3000BBE6A8 /* Util */ = {
			isa = PBXGroup;
			children = (
				50C0E0B423C70E0A00BBE6A8 /* ZHUtil.swift */,
			);
			path = Util;
			sourceTree = "<group>";
		};
		50C0E00023C6CF3100BBE6A8 /* Bookcase */ = {
			isa = PBXGroup;
			children = (
				50C0E00B23C6D48D00BBE6A8 /* Controller */,
			);
			path = Bookcase;
			sourceTree = "<group>";
		};
		50C0E00123C6CF3100BBE6A8 /* Base */ = {
			isa = PBXGroup;
			children = (
				50C0E00623C6D44100BBE6A8 /* BaseViewController.swift */,
				50C0E0B223C7061100BBE6A8 /* BaseNavigationController.swift */,
			);
			path = Base;
			sourceTree = "<group>";
		};
		50C0E00423C6D3FB00BBE6A8 /* Home */ = {
			isa = PBXGroup;
			children = (
				50C0E00523C6D40900BBE6A8 /* Controller */,
			);
			path = Home;
			sourceTree = "<group>";
		};
		50C0E00523C6D40900BBE6A8 /* Controller */ = {
			isa = PBXGroup;
			children = (
				50C0E00823C6D46700BBE6A8 /* HomeViewController.swift */,
			);
			path = Controller;
			sourceTree = "<group>";
		};
		50C0E00A23C6D48000BBE6A8 /* Controller */ = {
			isa = PBXGroup;
			children = (
				50C0E00D23C6D4A400BBE6A8 /* CateViewController.swift */,
			);
			path = Controller;
			sourceTree = "<group>";
		};
		50C0E00B23C6D48D00BBE6A8 /* Controller */ = {
			isa = PBXGroup;
			children = (
				50C0E00F23C6D4B200BBE6A8 /* BookcaseViewController.swift */,
			);
			path = Controller;
			sourceTree = "<group>";
		};
		50C0E00C23C6D49300BBE6A8 /* Controller */ = {
			isa = PBXGroup;
			children = (
				50C0E01123C6D4C000BBE6A8 /* MineViewController.swift */,
			);
			path = Controller;
			sourceTree = "<group>";
		};
		50C0E01423C6F83C00BBE6A8 /* TabBar */ = {
			isa = PBXGroup;
			children = (
				50C0E01523C6F88200BBE6A8 /* ZHTabBarViewController.swift */,
			);
			path = TabBar;
			sourceTree = "<group>";
		};
		50C0E01723C6F99B00BBE6A8 /* Shared */ = {
			isa = PBXGroup;
			children = (
				50C0E01823C6F99B00BBE6A8 /* EdgeInsetsExtensions.swift */,
				50C0E01923C6F99B00BBE6A8 /* ColorExtensions.swift */,
			);
			path = Shared;
			sourceTree = "<group>";
		};
		50C0E01A23C6F99C00BBE6A8 /* Foundation */ = {
			isa = PBXGroup;
			children = (
				50C0E01B23C6F99C00BBE6A8 /* NSPredicateExtensions.swift */,
				50C0E01C23C6F99C00BBE6A8 /* NSRegularExpressionExtensions.swift */,
				50C0E01D23C6F99C00BBE6A8 /* UserDefaultsExtensions.swift */,
				50C0E01E23C6F99C00BBE6A8 /* DataExtensions.swift */,
				50C0E01F23C6F99C00BBE6A8 /* URLRequestExtensions.swift */,
				50C0E02023C6F99C00BBE6A8 /* FileManagerExtensions.swift */,
				50C0E02123C6F99C00BBE6A8 /* URLExtensions.swift */,
				50C0E02223C6F99C00BBE6A8 /* LocaleExtensions.swift */,
				50C0E02323C6F99C00BBE6A8 /* DateExtensions.swift */,
				50C0E02423C6F99C00BBE6A8 /* NSAttributedStringExtensions.swift */,
				50C0E02523C6F99C00BBE6A8 /* CalendarExtensions.swift */,
			);
			path = Foundation;
			sourceTree = "<group>";
		};
		50C0E02623C6F99C00BBE6A8 /* UIKit */ = {
			isa = PBXGroup;
			children = (
				50C0E02723C6F99C00BBE6A8 /* UIBezierPathExtensions.swift */,
				50C0E02823C6F99C00BBE6A8 /* UISearchBarExtensions.swift */,
				50C0E02923C6F99C00BBE6A8 /* UITableViewExtensions.swift */,
				50C0E02A23C6F99C00BBE6A8 /* UIScrollViewExtensions.swift */,
				50C0E02B23C6F99C00BBE6A8 /* UITextFieldExtensions.swift */,
				50C0E02C23C6F99C00BBE6A8 /* UILayoutPriorityExtensions.swift */,
				50C0E02D23C6F99C00BBE6A8 /* UINavigationItemExtensions.swift */,
				50C0E02E23C6F99C00BBE6A8 /* UIStackViewExtensions.swift */,
				50C0E02F23C6F99C00BBE6A8 /* UICollectionViewExtensions.swift */,
				50C0E03023C6F99C00BBE6A8 /* UITextViewExtensions.swift */,
				50C0E03123C6F99C00BBE6A8 /* UIBarButtonItemExtensions.swift */,
				50C0E03223C6F99C00BBE6A8 /* UIStoryboardExtensions.swift */,
				50C0E03323C6F99C00BBE6A8 /* UITabBarExtensions.swift */,
				50C0E03423C6F99C00BBE6A8 /* UISegmentedControlExtensions.swift */,
				50C0E03523C6F99C00BBE6A8 /* UINavigationBarExtensions.swift */,
				50C0E03623C6F99C00BBE6A8 /* UIActivityExtensions.swift */,
				50C0E03723C6F99C00BBE6A8 /* UISliderExtensions.swift */,
				50C0E03823C6F99C00BBE6A8 /* UIViewControllerExtensions.swift */,
				50C0E03923C6F99C00BBE6A8 /* UIImageExtensions.swift */,
				50C0E03A23C6F99C00BBE6A8 /* UINavigationControllerExtensions.swift */,
				50C0E03B23C6F99C00BBE6A8 /* UIViewExtensions.swift */,
				50C0E03C23C6F99C00BBE6A8 /* UIGestureRecognizerExtensions.swift */,
				50C0E03D23C6F99C00BBE6A8 /* UIWindowExtensions.swift */,
				50C0E03E23C6F99C00BBE6A8 /* UILabelExtensions.swift */,
				50C0E03F23C6F99C00BBE6A8 /* UISwitchExtensions.swift */,
				50C0E04023C6F99C00BBE6A8 /* UIButtonExtensions.swift */,
				50C0E04123C6F99C00BBE6A8 /* UIApplicationExtensions.swift */,
				50C0E04223C6F99C00BBE6A8 /* UIImageViewExtensions.swift */,
				50C0E04323C6F99C00BBE6A8 /* UIRefreshControlExtensions.swift */,
				50C0E04423C6F99C00BBE6A8 /* UIAlertControllerExtensions.swift */,
				50C0E04523C6F99C00BBE6A8 /* UIFontExtensions.swift */,
				50C0E04623C6F99C00BBE6A8 /* UIDatePickerExtensions.swift */,
				50C0E04723C6F99C00BBE6A8 /* UIColorExtensions.swift */,
			);
			path = UIKit;
			sourceTree = "<group>";
		};
		50C0E04823C6F99C00BBE6A8 /* SwiftStdlib */ = {
			isa = PBXGroup;
			children = (
				50C0E04923C6F99C00BBE6A8 /* SignedIntegerExtensions.swift */,
				50C0E04A23C6F99C00BBE6A8 /* BidirectionalCollectionExtensions.swift */,
				50C0E04B23C6F99C00BBE6A8 /* ComparableExtensions.swift */,
				50C0E04C23C6F99C00BBE6A8 /* ArrayExtensions.swift */,
				50C0E04D23C6F99C00BBE6A8 /* StringProtocolExtensions.swift */,
				50C0E04E23C6F99C00BBE6A8 /* BinaryFloatingPointExtensions.swift */,
				50C0E04F23C6F99C00BBE6A8 /* FloatExtensions.swift */,
				50C0E05023C6F99C00BBE6A8 /* KeyedDecodingContainerExtensions.swift */,
				50C0E05123C6F99C00BBE6A8 /* SequenceExtensions.swift */,
				50C0E05223C6F99C00BBE6A8 /* MutableCollectionExtensions.swift */,
				50C0E05323C6F99C00BBE6A8 /* SignedNumericExtensions.swift */,
				50C0E05423C6F99C00BBE6A8 /* DictionaryExtensions.swift */,
				50C0E05523C6F99C00BBE6A8 /* StringExtensions.swift */,
				50C0E05623C6F99C00BBE6A8 /* BoolExtensions.swift */,
				50C0E05723C6F99C00BBE6A8 /* DoubleExtensions.swift */,
				50C0E05823C6F99C00BBE6A8 /* RandomAccessCollectionExtensions.swift */,
				50C0E05923C6F99C00BBE6A8 /* CharacterExtensions.swift */,
				50C0E05A23C6F99C00BBE6A8 /* FloatingPointExtensions.swift */,
				50C0E05B23C6F99C00BBE6A8 /* IntExtensions.swift */,
				50C0E05C23C6F99C00BBE6A8 /* RangeReplaceableCollectionExtensions.swift */,
				50C0E05D23C6F99C00BBE6A8 /* OptionalExtensions.swift */,
				50C0E05E23C6F99C00BBE6A8 /* CollectionExtensions.swift */,
				50C0E05F23C6F99C00BBE6A8 /* Deprecated */,
			);
			path = SwiftStdlib;
			sourceTree = "<group>";
		};
		50C0E05F23C6F99C00BBE6A8 /* Deprecated */ = {
			isa = PBXGroup;
			children = (
				50C0E06023C6F99C00BBE6A8 /* StdlibDeprecated.swift */,
			);
			path = Deprecated;
			sourceTree = "<group>";
		};
		50C0E0A623C7041200BBE6A8 /* Library */ = {
			isa = PBXGroup;
			children = (
				50C0E0A723C7041300BBE6A8 /* SGPagingView-Swift */,
			);
			path = Library;
			sourceTree = "<group>";
		};
		50C0E0A723C7041300BBE6A8 /* SGPagingView-Swift */ = {
			isa = PBXGroup;
			children = (
				50C0E0A823C7041300BBE6A8 /* SGPageTitleViewConfigure.swift */,
				50C0E0A923C7041300BBE6A8 /* SGPageTitleView.swift */,
				50C0E0AA23C7041300BBE6A8 /* SGPageContentCollectionView.swift */,
				50C0E0AB23C7041300BBE6A8 /* SGPageViewPopGestureVC.swift */,
				50C0E0AC23C7041300BBE6A8 /* SGPageContentScrollView.swift */,
			);
			path = "SGPagingView-Swift";
			sourceTree = "<group>";
		};
		BA90817FFED19A136382DFA5 /* Pods */ = {
			isa = PBXGroup;
			children = (
				58B91871D5278938375C4637 /* Pods-ZHU17.debug.xcconfig */,
				700EB380A416F77967405532 /* Pods-ZHU17.release.xcconfig */,
			);
			name = Pods;
			sourceTree = "<group>";
		};
/* End PBXGroup section */

/* Begin PBXNativeTarget section */
		50C0DFC523C57CFE00BBE6A8 /* ZHU17 */ = {
			isa = PBXNativeTarget;
			buildConfigurationList = 50C0DFEE23C57D0000BBE6A8 /* Build configuration list for PBXNativeTarget "ZHU17" */;
			buildPhases = (
				711A723D2B0B00EEF2BF11B1 /* [CP] Check Pods Manifest.lock */,
				50C0DFC223C57CFE00BBE6A8 /* Sources */,
				50C0DFC323C57CFE00BBE6A8 /* Frameworks */,
				50C0DFC423C57CFE00BBE6A8 /* Resources */,
				D0FDCAFC1D6D11A0BB30E1E3 /* [CP] Embed Pods Frameworks */,
				F33A9FE688685B7CEA807916 /* [CP] Copy Pods Resources */,
			);
			buildRules = (
			);
			dependencies = (
			);
			name = ZHU17;
			productName = ZHU17;
			productReference = 50C0DFC623C57CFE00BBE6A8 /* ZHU17.app */;
			productType = "com.apple.product-type.application";
		};
		50C0DFD923C57D0000BBE6A8 /* ZHU17Tests */ = {
			isa = PBXNativeTarget;
			buildConfigurationList = 50C0DFF123C57D0000BBE6A8 /* Build configuration list for PBXNativeTarget "ZHU17Tests" */;
			buildPhases = (
				50C0DFD623C57D0000BBE6A8 /* Sources */,
				50C0DFD723C57D0000BBE6A8 /* Frameworks */,
				50C0DFD823C57D0000BBE6A8 /* Resources */,
			);
			buildRules = (
			);
			dependencies = (
				50C0DFDC23C57D0000BBE6A8 /* PBXTargetDependency */,
			);
			name = ZHU17Tests;
			productName = ZHU17Tests;
			productReference = 50C0DFDA23C57D0000BBE6A8 /* ZHU17Tests.xctest */;
			productType = "com.apple.product-type.bundle.unit-test";
		};
		50C0DFE423C57D0000BBE6A8 /* ZHU17UITests */ = {
			isa = PBXNativeTarget;
			buildConfigurationList = 50C0DFF423C57D0000BBE6A8 /* Build configuration list for PBXNativeTarget "ZHU17UITests" */;
			buildPhases = (
				50C0DFE123C57D0000BBE6A8 /* Sources */,
				50C0DFE223C57D0000BBE6A8 /* Frameworks */,
				50C0DFE323C57D0000BBE6A8 /* Resources */,
			);
			buildRules = (
			);
			dependencies = (
				50C0DFE723C57D0000BBE6A8 /* PBXTargetDependency */,
			);
			name = ZHU17UITests;
			productName = ZHU17UITests;
			productReference = 50C0DFE523C57D0000BBE6A8 /* ZHU17UITests.xctest */;
			productType = "com.apple.product-type.bundle.ui-testing";
		};
/* End PBXNativeTarget section */

/* Begin PBXProject section */
		50C0DFBE23C57CFE00BBE6A8 /* Project object */ = {
			isa = PBXProject;
			attributes = {
				LastSwiftUpdateCheck = 1030;
				LastUpgradeCheck = 1030;
				ORGANIZATIONNAME = Zhou;
				TargetAttributes = {
					50C0DFC523C57CFE00BBE6A8 = {
						CreatedOnToolsVersion = 10.3;
					};
					50C0DFD923C57D0000BBE6A8 = {
						CreatedOnToolsVersion = 10.3;
						TestTargetID = 50C0DFC523C57CFE00BBE6A8;
					};
					50C0DFE423C57D0000BBE6A8 = {
						CreatedOnToolsVersion = 10.3;
						TestTargetID = 50C0DFC523C57CFE00BBE6A8;
					};
				};
			};
			buildConfigurationList = 50C0DFC123C57CFE00BBE6A8 /* Build configuration list for PBXProject "ZHU17" */;
			compatibilityVersion = "Xcode 9.3";
			developmentRegion = en;
			hasScannedForEncodings = 0;
			knownRegions = (
				en,
				Base,
			);
			mainGroup = 50C0DFBD23C57CFE00BBE6A8;
			productRefGroup = 50C0DFC723C57CFE00BBE6A8 /* Products */;
			projectDirPath = "";
			projectRoot = "";
			targets = (
				50C0DFC523C57CFE00BBE6A8 /* ZHU17 */,
				50C0DFD923C57D0000BBE6A8 /* ZHU17Tests */,
				50C0DFE423C57D0000BBE6A8 /* ZHU17UITests */,
			);
		};
/* End PBXProject section */

/* Begin PBXResourcesBuildPhase section */
		50C0DFC423C57CFE00BBE6A8 /* Resources */ = {
			isa = PBXResourcesBuildPhase;
			buildActionMask = 2147483647;
			files = (
				50C0DFD423C57D0000BBE6A8 /* LaunchScreen.storyboard in Resources */,
				50C0DFD123C57D0000BBE6A8 /* Assets.xcassets in Resources */,
				50C0DFCF23C57CFE00BBE6A8 /* Main.storyboard in Resources */,
			);
			runOnlyForDeploymentPostprocessing = 0;
		};
		50C0DFD823C57D0000BBE6A8 /* Resources */ = {
			isa = PBXResourcesBuildPhase;
			buildActionMask = 2147483647;
			files = (
			);
			runOnlyForDeploymentPostprocessing = 0;
		};
		50C0DFE323C57D0000BBE6A8 /* Resources */ = {
			isa = PBXResourcesBuildPhase;
			buildActionMask = 2147483647;
			files = (
			);
			runOnlyForDeploymentPostprocessing = 0;
		};
/* End PBXResourcesBuildPhase section */

/* Begin PBXShellScriptBuildPhase section */
		711A723D2B0B00EEF2BF11B1 /* [CP] Check Pods Manifest.lock */ = {
			isa = PBXShellScriptBuildPhase;
			buildActionMask = 2147483647;
			files = (
			);
			inputPaths = (
				"${PODS_PODFILE_DIR_PATH}/Podfile.lock",
				"${PODS_ROOT}/Manifest.lock",
			);
			name = "[CP] Check Pods Manifest.lock";
			outputPaths = (
				"$(DERIVED_FILE_DIR)/Pods-ZHU17-checkManifestLockResult.txt",
			);
			runOnlyForDeploymentPostprocessing = 0;
			shellPath = /bin/sh;
			shellScript = "diff \"${PODS_PODFILE_DIR_PATH}/Podfile.lock\" \"${PODS_ROOT}/Manifest.lock\" > /dev/null\nif [ $? != 0 ] ; then\n    # print error to STDERR\n    echo \"error: The sandbox is not in sync with the Podfile.lock. Run 'pod install' or update your CocoaPods installation.\" >&2\n    exit 1\nfi\n# This output is used by Xcode 'outputs' to avoid re-running this script phase.\necho \"SUCCESS\" > \"${SCRIPT_OUTPUT_FILE_0}\"\n";
			showEnvVarsInLog = 0;
		};
		D0FDCAFC1D6D11A0BB30E1E3 /* [CP] Embed Pods Frameworks */ = {
			isa = PBXShellScriptBuildPhase;
			buildActionMask = 2147483647;
			files = (
			);
			inputPaths = (
				"${SRCROOT}/Pods/Target Support Files/Pods-ZHU17/Pods-ZHU17-frameworks.sh",
				"${BUILT_PRODUCTS_DIR}/Alamofire/Alamofire.framework",
				"${BUILT_PRODUCTS_DIR}/EmptyDataSet-Swift/EmptyDataSet_Swift.framework",
				"${BUILT_PRODUCTS_DIR}/HandyJSON/HandyJSON.framework",
				"${BUILT_PRODUCTS_DIR}/IQKeyboardManagerSwift/IQKeyboardManagerSwift.framework",
				"${BUILT_PRODUCTS_DIR}/Kingfisher/Kingfisher.framework",
				"${BUILT_PRODUCTS_DIR}/Moya/Moya.framework",
				"${BUILT_PRODUCTS_DIR}/Result/Result.framework",
				"${BUILT_PRODUCTS_DIR}/Reusable/Reusable.framework",
				"${BUILT_PRODUCTS_DIR}/SnapKit/SnapKit.framework",
				"${BUILT_PRODUCTS_DIR}/Then/Then.framework",
			);
			name = "[CP] Embed Pods Frameworks";
			outputPaths = (
				"${TARGET_BUILD_DIR}/${FRAMEWORKS_FOLDER_PATH}/Alamofire.framework",
				"${TARGET_BUILD_DIR}/${FRAMEWORKS_FOLDER_PATH}/EmptyDataSet_Swift.framework",
				"${TARGET_BUILD_DIR}/${FRAMEWORKS_FOLDER_PATH}/HandyJSON.framework",
				"${TARGET_BUILD_DIR}/${FRAMEWORKS_FOLDER_PATH}/IQKeyboardManagerSwift.framework",
				"${TARGET_BUILD_DIR}/${FRAMEWORKS_FOLDER_PATH}/Kingfisher.framework",
				"${TARGET_BUILD_DIR}/${FRAMEWORKS_FOLDER_PATH}/Moya.framework",
				"${TARGET_BUILD_DIR}/${FRAMEWORKS_FOLDER_PATH}/Result.framework",
				"${TARGET_BUILD_DIR}/${FRAMEWORKS_FOLDER_PATH}/Reusable.framework",
				"${TARGET_BUILD_DIR}/${FRAMEWORKS_FOLDER_PATH}/SnapKit.framework",
				"${TARGET_BUILD_DIR}/${FRAMEWORKS_FOLDER_PATH}/Then.framework",
			);
			runOnlyForDeploymentPostprocessing = 0;
			shellPath = /bin/sh;
			shellScript = "\"${SRCROOT}/Pods/Target Support Files/Pods-ZHU17/Pods-ZHU17-frameworks.sh\"\n";
			showEnvVarsInLog = 0;
		};
		F33A9FE688685B7CEA807916 /* [CP] Copy Pods Resources */ = {
			isa = PBXShellScriptBuildPhase;
			buildActionMask = 2147483647;
			files = (
			);
			inputPaths = (
			);
			name = "[CP] Copy Pods Resources";
			outputPaths = (
			);
			runOnlyForDeploymentPostprocessing = 0;
			shellPath = /bin/sh;
			shellScript = "\"${SRCROOT}/Pods/Target Support Files/Pods-ZHU17/Pods-ZHU17-resources.sh\"\n";
			showEnvVarsInLog = 0;
		};
/* End PBXShellScriptBuildPhase section */

/* Begin PBXSourcesBuildPhase section */
		50C0DFC223C57CFE00BBE6A8 /* Sources */ = {
			isa = PBXSourcesBuildPhase;
			buildActionMask = 2147483647;
			files = (
				50C0E07623C6F99C00BBE6A8 /* UICollectionViewExtensions.swift in Sources */,
				50C0E0A323C6F99C00BBE6A8 /* OptionalExtensions.swift in Sources */,
				50C0E07C23C6F99C00BBE6A8 /* UINavigationBarExtensions.swift in Sources */,
				50C0E09523C6F99C00BBE6A8 /* FloatExtensions.swift in Sources */,
				50C0E06123C6F99C00BBE6A8 /* EdgeInsetsExtensions.swift in Sources */,
				50C0E0AF23C7041300BBE6A8 /* SGPageContentCollectionView.swift in Sources */,
				50C0E06923C6F99C00BBE6A8 /* URLExtensions.swift in Sources */,
				50C0E08223C6F99C00BBE6A8 /* UIViewExtensions.swift in Sources */,
				50C0E09C23C6F99C00BBE6A8 /* BoolExtensions.swift in Sources */,
				50C0E09B23C6F99C00BBE6A8 /* StringExtensions.swift in Sources */,
				50C0E07223C6F99C00BBE6A8 /* UITextFieldExtensions.swift in Sources */,
				50C0E0AE23C7041300BBE6A8 /* SGPageTitleView.swift in Sources */,
				50C0E0A123C6F99C00BBE6A8 /* IntExtensions.swift in Sources */,
				50C0E09323C6F99C00BBE6A8 /* StringProtocolExtensions.swift in Sources */,
				50C0E0A523C6F99C00BBE6A8 /* StdlibDeprecated.swift in Sources */,
				50C0E08623C6F99C00BBE6A8 /* UISwitchExtensions.swift in Sources */,
				50C0E06723C6F99C00BBE6A8 /* URLRequestExtensions.swift in Sources */,
				50C0E09D23C6F99C00BBE6A8 /* DoubleExtensions.swift in Sources */,
				50C0E00223C6CF3100BBE6A8 /* AppDelegate.swift in Sources */,
				50C0E08D23C6F99C00BBE6A8 /* UIDatePickerExtensions.swift in Sources */,
				50C0E06C23C6F99C00BBE6A8 /* NSAttributedStringExtensions.swift in Sources */,
				50C0E09623C6F99C00BBE6A8 /* KeyedDecodingContainerExtensions.swift in Sources */,
				50C0E06D23C6F99C00BBE6A8 /* CalendarExtensions.swift in Sources */,
				50C0E09A23C6F99C00BBE6A8 /* DictionaryExtensions.swift in Sources */,
				50C0E06523C6F99C00BBE6A8 /* UserDefaultsExtensions.swift in Sources */,
				50C0E07023C6F99C00BBE6A8 /* UITableViewExtensions.swift in Sources */,
				50C0E07B23C6F99C00BBE6A8 /* UISegmentedControlExtensions.swift in Sources */,
				50C0E08323C6F99C00BBE6A8 /* UIGestureRecognizerExtensions.swift in Sources */,
				50C0E0A423C6F99C00BBE6A8 /* CollectionExtensions.swift in Sources */,
				50C0E06B23C6F99C00BBE6A8 /* DateExtensions.swift in Sources */,
				50C0E00723C6D44100BBE6A8 /* BaseViewController.swift in Sources */,
				50C0E09923C6F99C00BBE6A8 /* SignedNumericExtensions.swift in Sources */,
				50C0E0B023C7041300BBE6A8 /* SGPageViewPopGestureVC.swift in Sources */,
				50C0E09423C6F99C00BBE6A8 /* BinaryFloatingPointExtensions.swift in Sources */,
				50C0E0AD23C7041300BBE6A8 /* SGPageTitleViewConfigure.swift in Sources */,
				50C0E00923C6D46700BBE6A8 /* HomeViewController.swift in Sources */,
				50C0E08823C6F99C00BBE6A8 /* UIApplicationExtensions.swift in Sources */,
				50C0E06423C6F99C00BBE6A8 /* NSRegularExpressionExtensions.swift in Sources */,
				50C0E07923C6F99C00BBE6A8 /* UIStoryboardExtensions.swift in Sources */,
				50C0E08E23C6F99C00BBE6A8 /* UIColorExtensions.swift in Sources */,
				50C0E01623C6F88200BBE6A8 /* ZHTabBarViewController.swift in Sources */,
				50C0E09E23C6F99C00BBE6A8 /* RandomAccessCollectionExtensions.swift in Sources */,
				50C0E08B23C6F99C00BBE6A8 /* UIAlertControllerExtensions.swift in Sources */,
				50C0E08023C6F99C00BBE6A8 /* UIImageExtensions.swift in Sources */,
				50C0E06823C6F99C00BBE6A8 /* FileManagerExtensions.swift in Sources */,
				50C0E07423C6F99C00BBE6A8 /* UINavigationItemExtensions.swift in Sources */,
				50C0E06F23C6F99C00BBE6A8 /* UISearchBarExtensions.swift in Sources */,
				50C0E08723C6F99C00BBE6A8 /* UIButtonExtensions.swift in Sources */,
				50C0E06223C6F99C00BBE6A8 /* ColorExtensions.swift in Sources */,
				50C0E09F23C6F99C00BBE6A8 /* CharacterExtensions.swift in Sources */,
				50C0E06A23C6F99C00BBE6A8 /* LocaleExtensions.swift in Sources */,
				50C0E09723C6F99C00BBE6A8 /* SequenceExtensions.swift in Sources */,
				50C0E06323C6F99C00BBE6A8 /* NSPredicateExtensions.swift in Sources */,
				50C0E00E23C6D4A400BBE6A8 /* CateViewController.swift in Sources */,
				50C0E07323C6F99C00BBE6A8 /* UILayoutPriorityExtensions.swift in Sources */,
				50C0E0B123C7041300BBE6A8 /* SGPageContentScrollView.swift in Sources */,
				50C0E09123C6F99C00BBE6A8 /* ComparableExtensions.swift in Sources */,
				50C0E07F23C6F99C00BBE6A8 /* UIViewControllerExtensions.swift in Sources */,
				50C0E06623C6F99C00BBE6A8 /* DataExtensions.swift in Sources */,
				50C0E0A023C6F99C00BBE6A8 /* FloatingPointExtensions.swift in Sources */,
				50C0E0A223C6F99C00BBE6A8 /* RangeReplaceableCollectionExtensions.swift in Sources */,
				50C0E09023C6F99C00BBE6A8 /* BidirectionalCollectionExtensions.swift in Sources */,
				50C0E08C23C6F99C00BBE6A8 /* UIFontExtensions.swift in Sources */,
				50C0E09223C6F99C00BBE6A8 /* ArrayExtensions.swift in Sources */,
				50C0E08923C6F99C00BBE6A8 /* UIImageViewExtensions.swift in Sources */,
				50C0E01023C6D4B200BBE6A8 /* BookcaseViewController.swift in Sources */,
				50C0E07D23C6F99C00BBE6A8 /* UIActivityExtensions.swift in Sources */,
				50C0E01223C6D4C000BBE6A8 /* MineViewController.swift in Sources */,
				50C0E0B323C7061100BBE6A8 /* BaseNavigationController.swift in Sources */,
				50C0E07523C6F99C00BBE6A8 /* UIStackViewExtensions.swift in Sources */,
				50C0E07A23C6F99C00BBE6A8 /* UITabBarExtensions.swift in Sources */,
				50C0E0B523C70E0A00BBE6A8 /* ZHUtil.swift in Sources */,
				50C0E08523C6F99C00BBE6A8 /* UILabelExtensions.swift in Sources */,
				50C0E08423C6F99C00BBE6A8 /* UIWindowExtensions.swift in Sources */,
				50C0E08F23C6F99C00BBE6A8 /* SignedIntegerExtensions.swift in Sources */,
				50C0E09823C6F99C00BBE6A8 /* MutableCollectionExtensions.swift in Sources */,
				50C0E07823C6F99C00BBE6A8 /* UIBarButtonItemExtensions.swift in Sources */,
				50C0E08123C6F99C00BBE6A8 /* UINavigationControllerExtensions.swift in Sources */,
				50C0E07E23C6F99C00BBE6A8 /* UISliderExtensions.swift in Sources */,
				50C0E06E23C6F99C00BBE6A8 /* UIBezierPathExtensions.swift in Sources */,
				50C0E07123C6F99C00BBE6A8 /* UIScrollViewExtensions.swift in Sources */,
				50C0E07723C6F99C00BBE6A8 /* UITextViewExtensions.swift in Sources */,
				50C0E08A23C6F99C00BBE6A8 /* UIRefreshControlExtensions.swift in Sources */,
			);
			runOnlyForDeploymentPostprocessing = 0;
		};
		50C0DFD623C57D0000BBE6A8 /* Sources */ = {
			isa = PBXSourcesBuildPhase;
			buildActionMask = 2147483647;
			files = (
				50C0DFDF23C57D0000BBE6A8 /* ZHU17Tests.swift in Sources */,
			);
			runOnlyForDeploymentPostprocessing = 0;
		};
		50C0DFE123C57D0000BBE6A8 /* Sources */ = {
			isa = PBXSourcesBuildPhase;
			buildActionMask = 2147483647;
			files = (
				50C0DFEA23C57D0000BBE6A8 /* ZHU17UITests.swift in Sources */,
			);
			runOnlyForDeploymentPostprocessing = 0;
		};
/* End PBXSourcesBuildPhase section */

/* Begin PBXTargetDependency section */
		50C0DFDC23C57D0000BBE6A8 /* PBXTargetDependency */ = {
			isa = PBXTargetDependency;
			target = 50C0DFC523C57CFE00BBE6A8 /* ZHU17 */;
			targetProxy = 50C0DFDB23C57D0000BBE6A8 /* PBXContainerItemProxy */;
		};
		50C0DFE723C57D0000BBE6A8 /* PBXTargetDependency */ = {
			isa = PBXTargetDependency;
			target = 50C0DFC523C57CFE00BBE6A8 /* ZHU17 */;
			targetProxy = 50C0DFE623C57D0000BBE6A8 /* PBXContainerItemProxy */;
		};
/* End PBXTargetDependency section */

/* Begin PBXVariantGroup section */
		50C0DFCD23C57CFE00BBE6A8 /* Main.storyboard */ = {
			isa = PBXVariantGroup;
			children = (
				50C0DFCE23C57CFE00BBE6A8 /* Base */,
			);
			name = Main.storyboard;
			sourceTree = "<group>";
		};
		50C0DFD223C57D0000BBE6A8 /* LaunchScreen.storyboard */ = {
			isa = PBXVariantGroup;
			children = (
				50C0DFD323C57D0000BBE6A8 /* Base */,
			);
			name = LaunchScreen.storyboard;
			sourceTree = "<group>";
		};
/* End PBXVariantGroup section */

/* Begin XCBuildConfiguration section */
		50C0DFEC23C57D0000BBE6A8 /* Debug */ = {
			isa = XCBuildConfiguration;
			buildSettings = {
				ALWAYS_SEARCH_USER_PATHS = NO;
				CLANG_ANALYZER_NONNULL = YES;
				CLANG_ANALYZER_NUMBER_OBJECT_CONVERSION = YES_AGGRESSIVE;
				CLANG_CXX_LANGUAGE_STANDARD = "gnu++14";
				CLANG_CXX_LIBRARY = "libc++";
				CLANG_ENABLE_MODULES = YES;
				CLANG_ENABLE_OBJC_ARC = YES;
				CLANG_ENABLE_OBJC_WEAK = YES;
				CLANG_WARN_BLOCK_CAPTURE_AUTORELEASING = YES;
				CLANG_WARN_BOOL_CONVERSION = YES;
				CLANG_WARN_COMMA = YES;
				CLANG_WARN_CONSTANT_CONVERSION = YES;
				CLANG_WARN_DEPRECATED_OBJC_IMPLEMENTATIONS = YES;
				CLANG_WARN_DIRECT_OBJC_ISA_USAGE = YES_ERROR;
				CLANG_WARN_DOCUMENTATION_COMMENTS = YES;
				CLANG_WARN_EMPTY_BODY = YES;
				CLANG_WARN_ENUM_CONVERSION = YES;
				CLANG_WARN_INFINITE_RECURSION = YES;
				CLANG_WARN_INT_CONVERSION = YES;
				CLANG_WARN_NON_LITERAL_NULL_CONVERSION = YES;
				CLANG_WARN_OBJC_IMPLICIT_RETAIN_SELF = YES;
				CLANG_WARN_OBJC_LITERAL_CONVERSION = YES;
				CLANG_WARN_OBJC_ROOT_CLASS = YES_ERROR;
				CLANG_WARN_RANGE_LOOP_ANALYSIS = YES;
				CLANG_WARN_STRICT_PROTOTYPES = YES;
				CLANG_WARN_SUSPICIOUS_MOVE = YES;
				CLANG_WARN_UNGUARDED_AVAILABILITY = YES_AGGRESSIVE;
				CLANG_WARN_UNREACHABLE_CODE = YES;
				CLANG_WARN__DUPLICATE_METHOD_MATCH = YES;
				CODE_SIGN_IDENTITY = "iPhone Developer";
				COPY_PHASE_STRIP = NO;
				DEBUG_INFORMATION_FORMAT = dwarf;
				ENABLE_STRICT_OBJC_MSGSEND = YES;
				ENABLE_TESTABILITY = YES;
				GCC_C_LANGUAGE_STANDARD = gnu11;
				GCC_DYNAMIC_NO_PIC = NO;
				GCC_NO_COMMON_BLOCKS = YES;
				GCC_OPTIMIZATION_LEVEL = 0;
				GCC_PREPROCESSOR_DEFINITIONS = (
					"DEBUG=1",
					"$(inherited)",
				);
				GCC_WARN_64_TO_32_BIT_CONVERSION = YES;
				GCC_WARN_ABOUT_RETURN_TYPE = YES_ERROR;
				GCC_WARN_UNDECLARED_SELECTOR = YES;
				GCC_WARN_UNINITIALIZED_AUTOS = YES_AGGRESSIVE;
				GCC_WARN_UNUSED_FUNCTION = YES;
				GCC_WARN_UNUSED_VARIABLE = YES;
				IPHONEOS_DEPLOYMENT_TARGET = 12.4;
				MTL_ENABLE_DEBUG_INFO = INCLUDE_SOURCE;
				MTL_FAST_MATH = YES;
				ONLY_ACTIVE_ARCH = YES;
				SDKROOT = iphoneos;
				SWIFT_ACTIVE_COMPILATION_CONDITIONS = DEBUG;
				SWIFT_OPTIMIZATION_LEVEL = "-Onone";
			};
			name = Debug;
		};
		50C0DFED23C57D0000BBE6A8 /* Release */ = {
			isa = XCBuildConfiguration;
			buildSettings = {
				ALWAYS_SEARCH_USER_PATHS = NO;
				CLANG_ANALYZER_NONNULL = YES;
				CLANG_ANALYZER_NUMBER_OBJECT_CONVERSION = YES_AGGRESSIVE;
				CLANG_CXX_LANGUAGE_STANDARD = "gnu++14";
				CLANG_CXX_LIBRARY = "libc++";
				CLANG_ENABLE_MODULES = YES;
				CLANG_ENABLE_OBJC_ARC = YES;
				CLANG_ENABLE_OBJC_WEAK = YES;
				CLANG_WARN_BLOCK_CAPTURE_AUTORELEASING = YES;
				CLANG_WARN_BOOL_CONVERSION = YES;
				CLANG_WARN_COMMA = YES;
				CLANG_WARN_CONSTANT_CONVERSION = YES;
				CLANG_WARN_DEPRECATED_OBJC_IMPLEMENTATIONS = YES;
				CLANG_WARN_DIRECT_OBJC_ISA_USAGE = YES_ERROR;
				CLANG_WARN_DOCUMENTATION_COMMENTS = YES;
				CLANG_WARN_EMPTY_BODY = YES;
				CLANG_WARN_ENUM_CONVERSION = YES;
				CLANG_WARN_INFINITE_RECURSION = YES;
				CLANG_WARN_INT_CONVERSION = YES;
				CLANG_WARN_NON_LITERAL_NULL_CONVERSION = YES;
				CLANG_WARN_OBJC_IMPLICIT_RETAIN_SELF = YES;
				CLANG_WARN_OBJC_LITERAL_CONVERSION = YES;
				CLANG_WARN_OBJC_ROOT_CLASS = YES_ERROR;
				CLANG_WARN_RANGE_LOOP_ANALYSIS = YES;
				CLANG_WARN_STRICT_PROTOTYPES = YES;
				CLANG_WARN_SUSPICIOUS_MOVE = YES;
				CLANG_WARN_UNGUARDED_AVAILABILITY = YES_AGGRESSIVE;
				CLANG_WARN_UNREACHABLE_CODE = YES;
				CLANG_WARN__DUPLICATE_METHOD_MATCH = YES;
				CODE_SIGN_IDENTITY = "iPhone Developer";
				COPY_PHASE_STRIP = NO;
				DEBUG_INFORMATION_FORMAT = "dwarf-with-dsym";
				ENABLE_NS_ASSERTIONS = NO;
				ENABLE_STRICT_OBJC_MSGSEND = YES;
				GCC_C_LANGUAGE_STANDARD = gnu11;
				GCC_NO_COMMON_BLOCKS = YES;
				GCC_WARN_64_TO_32_BIT_CONVERSION = YES;
				GCC_WARN_ABOUT_RETURN_TYPE = YES_ERROR;
				GCC_WARN_UNDECLARED_SELECTOR = YES;
				GCC_WARN_UNINITIALIZED_AUTOS = YES_AGGRESSIVE;
				GCC_WARN_UNUSED_FUNCTION = YES;
				GCC_WARN_UNUSED_VARIABLE = YES;
				IPHONEOS_DEPLOYMENT_TARGET = 12.4;
				MTL_ENABLE_DEBUG_INFO = NO;
				MTL_FAST_MATH = YES;
				SDKROOT = iphoneos;
				SWIFT_COMPILATION_MODE = wholemodule;
				SWIFT_OPTIMIZATION_LEVEL = "-O";
				VALIDATE_PRODUCT = YES;
			};
			name = Release;
		};
		50C0DFEF23C57D0000BBE6A8 /* Debug */ = {
			isa = XCBuildConfiguration;
			baseConfigurationReference = 58B91871D5278938375C4637 /* Pods-ZHU17.debug.xcconfig */;
			buildSettings = {
				ASSETCATALOG_COMPILER_APPICON_NAME = AppIcon;
				CODE_SIGN_STYLE = Automatic;
				DEVELOPMENT_TEAM = 8H6HKVCBR9;
				INFOPLIST_FILE = ZHU17/Info.plist;
				IPHONEOS_DEPLOYMENT_TARGET = 8.0;
				LD_RUNPATH_SEARCH_PATHS = (
					"$(inherited)",
					"@executable_path/Frameworks",
				);
				PRODUCT_BUNDLE_IDENTIFIER = com.zhou.ZHU17;
				PRODUCT_NAME = "$(TARGET_NAME)";
				SWIFT_VERSION = 5.0;
				TARGETED_DEVICE_FAMILY = "1,2";
			};
			name = Debug;
		};
		50C0DFF023C57D0000BBE6A8 /* Release */ = {
			isa = XCBuildConfiguration;
			baseConfigurationReference = 700EB380A416F77967405532 /* Pods-ZHU17.release.xcconfig */;
			buildSettings = {
				ASSETCATALOG_COMPILER_APPICON_NAME = AppIcon;
				CODE_SIGN_STYLE = Automatic;
				DEVELOPMENT_TEAM = 8H6HKVCBR9;
				INFOPLIST_FILE = ZHU17/Info.plist;
				IPHONEOS_DEPLOYMENT_TARGET = 8.0;
				LD_RUNPATH_SEARCH_PATHS = (
					"$(inherited)",
					"@executable_path/Frameworks",
				);
				PRODUCT_BUNDLE_IDENTIFIER = com.zhou.ZHU17;
				PRODUCT_NAME = "$(TARGET_NAME)";
				SWIFT_VERSION = 5.0;
				TARGETED_DEVICE_FAMILY = "1,2";
			};
			name = Release;
		};
		50C0DFF223C57D0000BBE6A8 /* Debug */ = {
			isa = XCBuildConfiguration;
			buildSettings = {
				ALWAYS_EMBED_SWIFT_STANDARD_LIBRARIES = YES;
				BUNDLE_LOADER = "$(TEST_HOST)";
				CODE_SIGN_STYLE = Automatic;
				DEVELOPMENT_TEAM = 8H6HKVCBR9;
				INFOPLIST_FILE = ZHU17Tests/Info.plist;
				LD_RUNPATH_SEARCH_PATHS = (
					"$(inherited)",
					"@executable_path/Frameworks",
					"@loader_path/Frameworks",
				);
				PRODUCT_BUNDLE_IDENTIFIER = com.zhou.ZHU17Tests;
				PRODUCT_NAME = "$(TARGET_NAME)";
				SWIFT_VERSION = 5.0;
				TARGETED_DEVICE_FAMILY = "1,2";
				TEST_HOST = "$(BUILT_PRODUCTS_DIR)/ZHU17.app/ZHU17";
			};
			name = Debug;
		};
		50C0DFF323C57D0000BBE6A8 /* Release */ = {
			isa = XCBuildConfiguration;
			buildSettings = {
				ALWAYS_EMBED_SWIFT_STANDARD_LIBRARIES = YES;
				BUNDLE_LOADER = "$(TEST_HOST)";
				CODE_SIGN_STYLE = Automatic;
				DEVELOPMENT_TEAM = 8H6HKVCBR9;
				INFOPLIST_FILE = ZHU17Tests/Info.plist;
				LD_RUNPATH_SEARCH_PATHS = (
					"$(inherited)",
					"@executable_path/Frameworks",
					"@loader_path/Frameworks",
				);
				PRODUCT_BUNDLE_IDENTIFIER = com.zhou.ZHU17Tests;
				PRODUCT_NAME = "$(TARGET_NAME)";
				SWIFT_VERSION = 5.0;
				TARGETED_DEVICE_FAMILY = "1,2";
				TEST_HOST = "$(BUILT_PRODUCTS_DIR)/ZHU17.app/ZHU17";
			};
			name = Release;
		};
		50C0DFF523C57D0000BBE6A8 /* Debug */ = {
			isa = XCBuildConfiguration;
			buildSettings = {
				ALWAYS_EMBED_SWIFT_STANDARD_LIBRARIES = YES;
				CODE_SIGN_STYLE = Automatic;
				DEVELOPMENT_TEAM = 8H6HKVCBR9;
				INFOPLIST_FILE = ZHU17UITests/Info.plist;
				LD_RUNPATH_SEARCH_PATHS = (
					"$(inherited)",
					"@executable_path/Frameworks",
					"@loader_path/Frameworks",
				);
				PRODUCT_BUNDLE_IDENTIFIER = com.zhou.ZHU17UITests;
				PRODUCT_NAME = "$(TARGET_NAME)";
				SWIFT_VERSION = 5.0;
				TARGETED_DEVICE_FAMILY = "1,2";
				TEST_TARGET_NAME = ZHU17;
			};
			name = Debug;
		};
		50C0DFF623C57D0000BBE6A8 /* Release */ = {
			isa = XCBuildConfiguration;
			buildSettings = {
				ALWAYS_EMBED_SWIFT_STANDARD_LIBRARIES = YES;
				CODE_SIGN_STYLE = Automatic;
				DEVELOPMENT_TEAM = 8H6HKVCBR9;
				INFOPLIST_FILE = ZHU17UITests/Info.plist;
				LD_RUNPATH_SEARCH_PATHS = (
					"$(inherited)",
					"@executable_path/Frameworks",
					"@loader_path/Frameworks",
				);
				PRODUCT_BUNDLE_IDENTIFIER = com.zhou.ZHU17UITests;
				PRODUCT_NAME = "$(TARGET_NAME)";
				SWIFT_VERSION = 5.0;
				TARGETED_DEVICE_FAMILY = "1,2";
				TEST_TARGET_NAME = ZHU17;
			};
			name = Release;
		};
/* End XCBuildConfiguration section */

/* Begin XCConfigurationList section */
		50C0DFC123C57CFE00BBE6A8 /* Build configuration list for PBXProject "ZHU17" */ = {
			isa = XCConfigurationList;
			buildConfigurations = (
				50C0DFEC23C57D0000BBE6A8 /* Debug */,
				50C0DFED23C57D0000BBE6A8 /* Release */,
			);
			defaultConfigurationIsVisible = 0;
			defaultConfigurationName = Release;
		};
		50C0DFEE23C57D0000BBE6A8 /* Build configuration list for PBXNativeTarget "ZHU17" */ = {
			isa = XCConfigurationList;
			buildConfigurations = (
				50C0DFEF23C57D0000BBE6A8 /* Debug */,
				50C0DFF023C57D0000BBE6A8 /* Release */,
			);
			defaultConfigurationIsVisible = 0;
			defaultConfigurationName = Release;
		};
		50C0DFF123C57D0000BBE6A8 /* Build configuration list for PBXNativeTarget "ZHU17Tests" */ = {
			isa = XCConfigurationList;
			buildConfigurations = (
				50C0DFF223C57D0000BBE6A8 /* Debug */,
				50C0DFF323C57D0000BBE6A8 /* Release */,
			);
			defaultConfigurationIsVisible = 0;
			defaultConfigurationName = Release;
		};
		50C0DFF423C57D0000BBE6A8 /* Build configuration list for PBXNativeTarget "ZHU17UITests" */ = {
			isa = XCConfigurationList;
			buildConfigurations = (
				50C0DFF523C57D0000BBE6A8 /* Debug */,
				50C0DFF623C57D0000BBE6A8 /* Release */,
			);
			defaultConfigurationIsVisible = 0;
			defaultConfigurationName = Release;
		};
/* End XCConfigurationList section */
	};
	rootObject = 50C0DFBE23C57CFE00BBE6A8 /* Project object */;
}
